{
  "name": "@joincivil/dev-utils",
  "version": "1.0.0",
  "lockfileVersion": 1,
  "requires": true,
  "dependencies": {
    "@types/chai": {
      "version": "4.1.1",
      "resolved": "https://registry.npmjs.org/@types/chai/-/chai-4.1.1.tgz",
      "integrity": "sha512-nU82bD1xUJ1BKKPNQPJffXjNQtjh5XdF7hqKhnjrpLw+5jMJdJcx6UqwWycCPnKKWQbNszOq9g9vSn1Xc0Ll/Q=="
    },
    "@types/chai-as-promised": {
      "version": "7.1.0",
      "resolved": "https://registry.npmjs.org/@types/chai-as-promised/-/chai-as-promised-7.1.0.tgz",
      "integrity": "sha512-MFiW54UOSt+f2bRw8J7LgQeIvE/9b4oGvwU7XW30S9QGAiHGnU/fmiOprsyMkdmH2rl8xSPc0/yrQw8juXU6bQ==",
      "requires": {
        "@types/chai": "4.1.1"
      }
    },
    "chai-as-promised": {
      "version": "7.1.1",
      "resolved": "https://registry.npmjs.org/chai-as-promised/-/chai-as-promised-7.1.1.tgz",
      "integrity": "sha512-azL6xMoi+uxu6z4rhWQ1jbdUhOMhis2PvscD/xjLqNMkv3BPPp2JyyuTHOrf9BOosGpNQ11v6BKv/g57RXbiaA==",
      "requires": {
        "check-error": "1.0.2"
      }
    },
    "chai-bignumber": {
      "version": "2.0.2",
      "resolved": "https://registry.npmjs.org/chai-bignumber/-/chai-bignumber-2.0.2.tgz",
      "integrity": "sha512-BIdRNjRaoRj4bMsZLKbIZPMNKqmwnzNiyxqBYDSs6dFOCs9w8OHPuUE8e1bH60i1IhOzT0NjLtCD+lKEWB1KTQ=="
    },
    "check-error": {
      "version": "1.0.2",
      "resolved": "https://registry.npmjs.org/check-error/-/check-error-1.0.2.tgz",
      "integrity": "sha1-V00xLt2Iu13YkS6Sht1sCu1KrII="
    },
    "dirty-chai": {
      "version": "2.0.1",
      "resolved": "https://registry.npmjs.org/dirty-chai/-/dirty-chai-2.0.1.tgz",
      "integrity": "sha512-ys79pWKvDMowIDEPC6Fig8d5THiC0DJ2gmTeGzVAoEH18J8OzLud0Jh7I9IWg3NSk8x2UocznUuFmfHCXYZx9w=="
    }
  }
}
